// !$*UTF8*$!
{
	archiveVersion = 1;
	classes = {
	};
	objectVersion = 50;
	objects = {

/* Begin PBXBuildFile section */
		B82A1C4D25A6E1DD00F9F313 /* AppDelegate.swift in Sources */ = {isa = PBXBuildFile; fileRef = B82A1C4C25A6E1DD00F9F313 /* AppDelegate.swift */; };
		B82A1C4F25A6E1DD00F9F313 /* SceneDelegate.swift in Sources */ = {isa = PBXBuildFile; fileRef = B82A1C4E25A6E1DD00F9F313 /* SceneDelegate.swift */; };
		B82A1C5125A6E1DD00F9F313 /* ViewController.swift in Sources */ = {isa = PBXBuildFile; fileRef = B82A1C5025A6E1DD00F9F313 /* ViewController.swift */; };
		B82A1C5425A6E1DD00F9F313 /* Main.storyboard in Resources */ = {isa = PBXBuildFile; fileRef = B82A1C5225A6E1DD00F9F313 /* Main.storyboard */; };
		B82A1C5625A6E1DE00F9F313 /* Assets.xcassets in Resources */ = {isa = PBXBuildFile; fileRef = B82A1C5525A6E1DE00F9F313 /* Assets.xcassets */; };
		B82A1C5925A6E1DE00F9F313 /* LaunchScreen.storyboard in Resources */ = {isa = PBXBuildFile; fileRef = B82A1C5725A6E1DE00F9F313 /* LaunchScreen.storyboard */; };
/* End PBXBuildFile section */

/* Begin PBXFileReference section */
		B82A1C4925A6E1DD00F9F313 /* pgCtrlMission.app */ = {isa = PBXFileReference; explicitFileType = wrapper.application; includeInIndex = 0; path = pgCtrlMission.app; sourceTree = BUILT_PRODUCTS_DIR; };
		B82A1C4C25A6E1DD00F9F313 /* AppDelegate.swift */ = {isa = PBXFileReference; lastKnownFileType = sourcecode.swift; path = AppDelegate.swift; sourceTree = "<group>"; };
		B82A1C4E25A6E1DD00F9F313 /* SceneDelegate.swift */ = {isa = PBXFileReference; lastKnownFileType = sourcecode.swift; path = SceneDelegate.swift; sourceTree = "<group>"; };
		B82A1C5025A6E1DD00F9F313 /* ViewController.swift */ = {isa = PBXFileReference; lastKnownFileType = sourcecode.swift; path = ViewController.swift; sourceTree = "<group>"; };
		B82A1C5325A6E1DD00F9F313 /* Base */ = {isa = PBXFileReference; lastKnownFileType = file.storyboard; name = Base; path = Base.lproj/Main.storyboard; sourceTree = "<group>"; };
		B82A1C5525A6E1DE00F9F313 /* Assets.xcassets */ = {isa = PBXFileReference; lastKnownFileType = folder.assetcatalog; path = Assets.xcassets; sourceTree = "<group>"; };
		B82A1C5825A6E1DE00F9F313 /* Base */ = {isa = PBXFileReference; lastKnownFileType = file.storyboard; name = Base; path = Base.lproj/LaunchScreen.storyboard; sourceTree = "<group>"; };
		B82A1C5A25A6E1DE00F9F313 /* Info.plist */ = {isa = PBXFileReference; lastKnownFileType = text.plist.xml; path = Info.plist; sourceTree = "<group>"; };
/* End PBXFileReference section */

/* Begin PBXFrameworksBuildPhase section */
		B82A1C4625A6E1DD00F9F313 /* Frameworks */ = {
			isa = PBXFrameworksBuildPhase;
			buildActionMask = 2147483647;
			files = (
			);
			runOnlyForDeploymentPostprocessing = 0;
		};
/* End PBXFrameworksBuildPhase section */

/* Begin PBXGroup section */
		B82A1C4025A6E1DD00F9F313 = {
			isa = PBXGroup;
			children = (
				B82A1C4B25A6E1DD00F9F313 /* pgCtrlMission */,
				B82A1C4A25A6E1DD00F9F313 /* Products */,
			);
			sourceTree = "<group>";
		};
		B82A1C4A25A6E1DD00F9F313 /* Products */ = {
			isa = PBXGroup;
			children = (
				B82A1C4925A6E1DD00F9F313 /* pgCtrlMission.app */,
			);
			name = Products;
			sourceTree = "<group>";
		};
		B82A1C4B25A6E1DD00F9F313 /* pgCtrlMission */ = {
			isa = PBXGroup;
			children = (
				B82A1C4C25A6E1DD00F9F313 /* AppDelegate.swift */,
				B82A1C4E25A6E1DD00F9F313 /* SceneDelegate.swift */,
				B82A1C5025A6E1DD00F9F313 /* ViewController.swift */,
				B82A1C5225A6E1DD00F9F313 /* Main.storyboard */,
				B82A1C5525A6E1DE00F9F313 /* Assets.xcassets */,
				B82A1C5725A6E1DE00F9F313 /* LaunchScreen.storyboard */,
				B82A1C5A25A6E1DE00F9F313 /* Info.plist */,
			);
			path = pgCtrlMission;
			sourceTree = "<group>";
		};
/* End PBXGroup section */

/* Begin PBXNativeTarget section */
		B82A1C4825A6E1DD00F9F313 /* pgCtrlMission */ = {
			isa = PBXNativeTarget;
			buildConfigurationList = B82A1C5D25A6E1DE00F9F313 /* Build configuration list for PBXNativeTarget "pgCtrlMission" */;
			buildPhases = (
				B82A1C4525A6E1DD00F9F313 /* Sources */,
				B82A1C4625A6E1DD00F9F313 /* Frameworks */,
				B82A1C4725A6E1DD00F9F313 /* Resources */,
			);
			buildRules = (
			);
			dependencies = (
			);
			name = pgCtrlMission;
			productName = pgCtrlMission;
			productReference = B82A1C4925A6E1DD00F9F313 /* pgCtrlMission.app */;
			productType = "com.apple.product-type.application";
		};
/* End PBXNativeTarget section */

/* Begin PBXProject section */
		B82A1C4125A6E1DD00F9F313 /* Project object */ = {
			isa = PBXProject;
			attributes = {
				LastSwiftUpdateCheck = 1160;
				LastUpgradeCheck = 1160;
				ORGANIZATIONNAME = "김가영";
				TargetAttributes = {
					B82A1C4825A6E1DD00F9F313 = {
						CreatedOnToolsVersion = 11.6;
					};
				};
			};
			buildConfigurationList = B82A1C4425A6E1DD00F9F313 /* Build configuration list for PBXProject "pgCtrlMission" */;
			compatibilityVersion = "Xcode 9.3";
			developmentRegion = en;
			hasScannedForEncodings = 0;
			knownRegions = (
				en,
				Base,
			);
			mainGroup = B82A1C4025A6E1DD00F9F313;
			productRefGroup = B82A1C4A25A6E1DD00F9F313 /* Products */;
			projectDirPath = "";
			projectRoot = "";
			targets = (
				B82A1C4825A6E1DD00F9F313 /* pgCtrlMission */,
			);
		};
/* End PBXProject section */

/* Begin PBXResourcesBuildPhase section */
		B82A1C4725A6E1DD00F9F313 /* Resources */ = {
			isa = PBXResourcesBuildPhase;
			buildActionMask = 2147483647;
			files = (
				B82A1C5925A6E1DE00F9F313 /* LaunchScreen.storyboard in Resources */,
				B82A1C5625A6E1DE00F9F313 /* Assets.xcassets in Resources */,
				B82A1C5425A6E1DD00F9F313 /* Main.storyboard in Resources */,
			);
			runOnlyForDeploymentPostprocessing = 0;
		};
/* End PBXResourcesBuildPhase section */

/* Begin PBXSourcesBuildPhase section */
		B82A1C4525A6E1DD00F9F313 /* Sources */ = {
			isa = PBXSourcesBuildPhase;
			buildActionMask = 2147483647;
			files = (
				B82A1C5125A6E1DD00F9F313 /* ViewController.swift in Sources */,
				B82A1C4D25A6E1DD00F9F313 /* AppDelegate.swift in Sources */,
				B82A1C4F25A6E1DD00F9F313 /* SceneDelegate.swift in Sources */,
			);
			runOnlyForDeploymentPostprocessing = 0;
		};
/* End PBXSourcesBuildPhase section */

/* Begin PBXVariantGroup section */
		B82A1C5225A6E1DD00F9F313 /* Main.storyboard */ = {
			isa = PBXVariantGroup;
			children = (
				B82A1C5325A6E1DD00F9F313 /* Base */,
			);
			name = Main.storyboard;
			sourceTree = "<group>";
		};
		B82A1C5725A6E1DE00F9F313 /* LaunchScreen.storyboard */ = {
			isa = PBXVariantGroup;
			children = (
				B82A1C5825A6E1DE00F9F313 /* Base */,
			);
			name = LaunchScreen.storyboard;
			sourceTree = "<group>";
		};
/* End PBXVariantGroup section */

/* Begin XCBuildConfiguration section */
		B82A1C5B25A6E1DE00F9F313 /* Debug */ = {
			isa = XCBuildConfiguration;
			buildSettings = {
				ALWAYS_SEARCH_USER_PATHS = NO;
				CLANG_ANALYZER_NONNULL = YES;
				CLANG_ANALYZER_NUMBER_OBJECT_CONVERSION = YES_AGGRESSIVE;
				CLANG_CXX_LANGUAGE_STANDARD = "gnu++14";
				CLANG_CXX_LIBRARY = "libc++";
				CLANG_ENABLE_MODULES = YES;
				CLANG_ENABLE_OBJC_ARC = YES;
				CLANG_ENABLE_OBJC_WEAK = YES;
				CLANG_WARN_BLOCK_CAPTURE_AUTORELEASING = YES;
				CLANG_WARN_BOOL_CONVERSION = YES;
				CLANG_WARN_COMMA = YES;
				CLANG_WARN_CONSTANT_CONVERSION = YES;
				CLANG_WARN_DEPRECATED_OBJC_IMPLEMENTATIONS = YES;
				CLANG_WARN_DIRECT_OBJC_ISA_USAGE = YES_ERROR;
				CLANG_WARN_DOCUMENTATION_COMMENTS = YES;
				CLANG_WARN_EMPTY_BODY = YES;
				CLANG_WARN_ENUM_CONVERSION = YES;
				CLANG_WARN_INFINITE_RECURSION = YES;
				CLANG_WARN_INT_CONVERSION = YES;
				CLANG_WARN_NON_LITERAL_NULL_CONVERSION = YES;
				CLANG_WARN_OBJC_IMPLICIT_RETAIN_SELF = YES;
				CLANG_WARN_OBJC_LITERAL_CONVERSION = YES;
				CLANG_WARN_OBJC_ROOT_CLASS = YES_ERROR;
				CLANG_WARN_RANGE_LOOP_ANALYSIS = YES;
				CLANG_WARN_STRICT_PROTOTYPES = YES;
				CLANG_WARN_SUSPICIOUS_MOVE = YES;
				CLANG_WARN_UNGUARDED_AVAILABILITY = YES_AGGRESSIVE;
				CLANG_WARN_UNREACHABLE_CODE = YES;
				CLANG_WARN__DUPLICATE_METHOD_MATCH = YES;
				COPY_PHASE_STRIP = NO;
				DEBUG_INFORMATION_FORMAT = dwarf;
				ENABLE_STRICT_OBJC_MSGSEND = YES;
				ENABLE_TESTABILITY = YES;
				GCC_C_LANGUAGE_STANDARD = gnu11;
				GCC_DYNAMIC_NO_PIC = NO;
				GCC_NO_COMMON_BLOCKS = YES;
				GCC_OPTIMIZATION_LEVEL = 0;
				GCC_PREPROCESSOR_DEFINITIONS = (
					"DEBUG=1",
					"$(inherited)",
				);
				GCC_WARN_64_TO_32_BIT_CONVERSION = YES;
				GCC_WARN_ABOUT_RETURN_TYPE = YES_ERROR;
				GCC_WARN_UNDECLARED_SELECTOR = YES;
				GCC_WARN_UNINITIALIZED_AUTOS = YES_AGGRESSIVE;
				GCC_WARN_UNUSED_FUNCTION = YES;
				GCC_WARN_UNUSED_VARIABLE = YES;
				IPHONEOS_DEPLOYMENT_TARGET = 13.6;
				MTL_ENABLE_DEBUG_INFO = INCLUDE_SOURCE;
				MTL_FAST_MATH = YES;
				ONLY_ACTIVE_ARCH = YES;
				SDKROOT = iphoneos;
				SWIFT_ACTIVE_COMPILATION_CONDITIONS = DEBUG;
				SWIFT_OPTIMIZATION_LEVEL = "-Onone";
			};
			name = Debug;
		};
		B82A1C5C25A6E1DE00F9F313 /* Release */ = {
			isa = XCBuildConfiguration;
			buildSettings = {
				ALWAYS_SEARCH_USER_PATHS = NO;
				CLANG_ANALYZER_NONNULL = YES;
				CLANG_ANALYZER_NUMBER_OBJECT_CONVERSION = YES_AGGRESSIVE;
				CLANG_CXX_LANGUAGE_STANDARD = "gnu++14";
				CLANG_CXX_LIBRARY = "libc++";
				CLANG_ENABLE_MODULES = YES;
				CLANG_ENABLE_OBJC_ARC = YES;
				CLANG_ENABLE_OBJC_WEAK = YES;
				CLANG_WARN_BLOCK_CAPTURE_AUTORELEASING = YES;
				CLANG_WARN_BOOL_CONVERSION = YES;
				CLANG_WARN_COMMA = YES;
				CLANG_WARN_CONSTANT_CONVERSION = YES;
				CLANG_WARN_DEPRECATED_OBJC_IMPLEMENTATIONS = YES;
				CLANG_WARN_DIRECT_OBJC_ISA_USAGE = YES_ERROR;
				CLANG_WARN_DOCUMENTATION_COMMENTS = YES;
				CLANG_WARN_EMPTY_BODY = YES;
				CLANG_WARN_ENUM_CONVERSION = YES;
				CLANG_WARN_INFINITE_RECURSION = YES;
				CLANG_WARN_INT_CONVERSION = YES;
				CLANG_WARN_NON_LITERAL_NULL_CONVERSION = YES;
				CLANG_WARN_OBJC_IMPLICIT_RETAIN_SELF = YES;
				CLANG_WARN_OBJC_LITERAL_CONVERSION = YES;
				CLANG_WARN_OBJC_ROOT_CLASS = YES_ERROR;
				CLANG_WARN_RANGE_LOOP_ANALYSIS = YES;
				CLANG_WARN_STRICT_PROTOTYPES = YES;
				CLANG_WARN_SUSPICIOUS_MOVE = YES;
				CLANG_WARN_UNGUARDED_AVAILABILITY = YES_AGGRESSIVE;
				CLANG_WARN_UNREACHABLE_CODE = YES;
				CLANG_WARN__DUPLICATE_METHOD_MATCH = YES;
				COPY_PHASE_STRIP = NO;
				DEBUG_INFORMATION_FORMAT = "dwarf-with-dsym";
				ENABLE_NS_ASSERTIONS = NO;
				ENABLE_STRICT_OBJC_MSGSEND = YES;
				GCC_C_LANGUAGE_STANDARD = gnu11;
				GCC_NO_COMMON_BLOCKS = YES;
				GCC_WARN_64_TO_32_BIT_CONVERSION = YES;
				GCC_WARN_ABOUT_RETURN_TYPE = YES_ERROR;
				GCC_WARN_UNDECLARED_SELECTOR = YES;
				GCC_WARN_UNINITIALIZED_AUTOS = YES_AGGRESSIVE;
				GCC_WARN_UNUSED_FUNCTION = YES;
				GCC_WARN_UNUSED_VARIABLE = YES;
				IPHONEOS_DEPLOYMENT_TARGET = 13.6;
				MTL_ENABLE_DEBUG_INFO = NO;
				MTL_FAST_MATH = YES;
				SDKROOT = iphoneos;
				SWIFT_COMPILATION_MODE = wholemodule;
				SWIFT_OPTIMIZATION_LEVEL = "-O";
				VALIDATE_PRODUCT = YES;
			};
			name = Release;
		};
		B82A1C5E25A6E1DE00F9F313 /* Debug */ = {
			isa = XCBuildConfiguration;
			buildSettings = {
				ASSETCATALOG_COMPILER_APPICON_NAME = AppIcon;
				CODE_SIGN_STYLE = Automatic;
				DEVELOPMENT_TEAM = WD8C826TTW;
				INFOPLIST_FILE = pgCtrlMission/Info.plist;
				LD_RUNPATH_SEARCH_PATHS = (
					"$(inherited)",
					"@executable_path/Frameworks",
				);
				PRODUCT_BUNDLE_IDENTIFIER = KimGaYoung.pgCtrlMission;
				PRODUCT_NAME = "$(TARGET_NAME)";
				SWIFT_VERSION = 5.0;
				TARGETED_DEVICE_FAMILY = "1,2";
			};
			name = Debug;
		};
		B82A1C5F25A6E1DE00F9F313 /* Release */ = {
			isa = XCBuildConfiguration;
			buildSettings = {
				ASSETCATALOG_COMPILER_APPICON_NAME = AppIcon;
				CODE_SIGN_STYLE = Automatic;
				DEVELOPMENT_TEAM = WD8C826TTW;
				INFOPLIST_FILE = pgCtrlMission/Info.plist;
				LD_RUNPATH_SEARCH_PATHS = (
					"$(inherited)",
					"@executable_path/Frameworks",
				);
				PRODUCT_BUNDLE_IDENTIFIER = KimGaYoung.pgCtrlMission;
				PRODUCT_NAME = "$(TARGET_NAME)";
				SWIFT_VERSION = 5.0;
				TARGETED_DEVICE_FAMILY = "1,2";
			};
			name = Release;
		};
/* End XCBuildConfiguration section */

/* Begin XCConfigurationList section */
		B82A1C4425A6E1DD00F9F313 /* Build configuration list for PBXProject "pgCtrlMission" */ = {
			isa = XCConfigurationList;
			buildConfigurations = (
				B82A1C5B25A6E1DE00F9F313 /* Debug */,
				B82A1C5C25A6E1DE00F9F313 /* Release */,
			);
			defaultConfigurationIsVisible = 0;
			defaultConfigurationName = Release;
		};
		B82A1C5D25A6E1DE00F9F313 /* Build configuration list for PBXNativeTarget "pgCtrlMission" */ = {
			isa = XCConfigurationList;
			buildConfigurations = (
				B82A1C5E25A6E1DE00F9F313 /* Debug */,
				B82A1C5F25A6E1DE00F9F313 /* Release */,
			);
			defaultConfigurationIsVisible = 0;
			defaultConfigurationName = Release;
		};
/* End XCConfigurationList section */
	};
	rootObject = B82A1C4125A6E1DD00F9F313 /* Project object */;
}
